
Microsoft Visual Studio Solution File, Format Version 12.00
# Visual Studio Version 16
VisualStudioVersion = 16.0.810.0
MinimumVisualStudioVersion = 10.0.40219.1
Project("{FAE04EC0-301F-11D3-BF4B-00C04F79EFBC}") = "ConsoleArgumentParser_Prj", "ConsoleArgumentParser_Prj.csproj", "{6C5C4E8D-D141-4AEE-ABEA-AE4C7BD4F77E}"
EndProject
Global
	GlobalSection(SolutionConfigurationPlatforms) = preSolution
		Debug|Any CPU = Debug|Any CPU
		Release|Any CPU = Release|Any CPU
	EndGlobalSection
	GlobalSection(ProjectConfigurationPlatforms) = postSolution
		{6C5C4E8D-D141-4AEE-ABEA-AE4C7BD4F77E}.Debug|Any CPU.ActiveCfg = Debug|Any CPU
		{6C5C4E8D-D141-4AEE-ABEA-AE4C7BD4F77E}.Debug|Any CPU.Build.0 = Debug|Any CPU
		{6C5C4E8D-D141-4AEE-ABEA-AE4C7BD4F77E}.Release|Any CPU.ActiveCfg = Release|Any CPU
		{6C5C4E8D-D141-4AEE-ABEA-AE4C7BD4F77E}.Release|Any CPU.Build.0 = Release|Any CPU
	EndGlobalSection
	GlobalSection(SolutionProperties) = preSolution
		HideSolutionNode = FALSE
	EndGlobalSection
	GlobalSection(ExtensibilityGlobals) = postSolution
		SolutionGuid = {D4F8F8DD-C149-44D6-B50C-4F7040F4079E}
	EndGlobalSection
EndGlobal
